// !$*UTF8*$!
{
	archiveVersion = 1;
	classes = {
	};
	objectVersion = 46;
	objects = {

/* Begin PBXBuildFile section */
		1608A3BC1E8289110016C574 /* ViewControllerKeyboardHandling.swift in Sources */ = {isa = PBXBuildFile; fileRef = 1608A3BB1E8289110016C574 /* ViewControllerKeyboardHandling.swift */; };
		16E056AC1EA8A76500DAE104 /* UserNotifications.framework in Frameworks */ = {isa = PBXBuildFile; fileRef = 16E056A91EA8A76500DAE104 /* UserNotifications.framework */; };
		1D16801F0B3C42B47535A921 /* libPods-mobile-engage-sample-app-ios.a in Frameworks */ = {isa = PBXBuildFile; fileRef = 115B2AC39916BDC4620A89F8 /* libPods-mobile-engage-sample-app-ios.a */; };
		32C6F0502D12ECF7E54E733E /* MobileEngageSampleAppUITests.swift in Sources */ = {isa = PBXBuildFile; fileRef = 32C6F740D4C261D2A27B25D7 /* MobileEngageSampleAppUITests.swift */; };
		32C6F4DDF467DDF64D7A451B /* Assets.xcassets in Resources */ = {isa = PBXBuildFile; fileRef = 32C6F16BF0FE4309A9886C64 /* Assets.xcassets */; };
		32C6F5D1EFAA9AF8D494D386 /* Main.storyboard in Resources */ = {isa = PBXBuildFile; fileRef = 32C6FA5B97F3F7E25F3AD0F7 /* Main.storyboard */; };
		32C6F8B8D872E07A485E2722 /* LaunchScreen.storyboard in Resources */ = {isa = PBXBuildFile; fileRef = 32C6F74BC5F65FB06980440E /* LaunchScreen.storyboard */; };
		32C6FBD37B3801FCB6888550 /* mobile_engage_sample_app_iosTests.swift in Sources */ = {isa = PBXBuildFile; fileRef = 32C6F60AA7D49CB6A91FF331 /* mobile_engage_sample_app_iosTests.swift */; };
		32C6FC88AE32C5088C1B9C2F /* ViewController.swift in Sources */ = {isa = PBXBuildFile; fileRef = 32C6F8ADA7EE6439DD067136 /* ViewController.swift */; };
		32C6FF2D62142516FC97526E /* AppDelegate.swift in Sources */ = {isa = PBXBuildFile; fileRef = 32C6F440CCCB4FBA84DCE43C /* AppDelegate.swift */; };
		8AB649801E83FDDB00C8E6D7 /* libstdc++.tbd in Frameworks */ = {isa = PBXBuildFile; fileRef = 8AB6497E1E83FDDB00C8E6D7 /* libstdc++.tbd */; };
		8AB649811E83FDDB00C8E6D7 /* libz.tbd in Frameworks */ = {isa = PBXBuildFile; fileRef = 8AB6497F1E83FDDB00C8E6D7 /* libz.tbd */; };
		9A7BDCACB1931A8BE20F3AFB /* libPods-mobile-engage-sample-app-iosTests.a in Frameworks */ = {isa = PBXBuildFile; fileRef = 407C95F8EBDD20D6099AA779 /* libPods-mobile-engage-sample-app-iosTests.a */; };
/* End PBXBuildFile section */

/* Begin PBXContainerItemProxy section */
		32C6F84EDCD7E2E295DCD328 /* PBXContainerItemProxy */ = {
			isa = PBXContainerItemProxy;
			containerPortal = 32C6FF2A8C83EB06A64E12EF /* Project object */;
			proxyType = 1;
			remoteGlobalIDString = 32C6F0F9CFB372D81886F59E;
			remoteInfo = "mobile-engage-sample-app-ios";
		};
		32C6F91E7AEB682883B5DB87 /* PBXContainerItemProxy */ = {
			isa = PBXContainerItemProxy;
			containerPortal = 32C6FF2A8C83EB06A64E12EF /* Project object */;
			proxyType = 1;
			remoteGlobalIDString = 32C6F0F9CFB372D81886F59E;
			remoteInfo = "mobile-engage-sample-app-ios";
		};
/* End PBXContainerItemProxy section */

/* Begin PBXFileReference section */
		115B2AC39916BDC4620A89F8 /* libPods-mobile-engage-sample-app-ios.a */ = {isa = PBXFileReference; explicitFileType = archive.ar; includeInIndex = 0; path = "libPods-mobile-engage-sample-app-ios.a"; sourceTree = BUILT_PRODUCTS_DIR; };
		1608A3BB1E8289110016C574 /* ViewControllerKeyboardHandling.swift */ = {isa = PBXFileReference; fileEncoding = 4; lastKnownFileType = sourcecode.swift; path = ViewControllerKeyboardHandling.swift; sourceTree = "<group>"; };
		16E056A91EA8A76500DAE104 /* UserNotifications.framework */ = {isa = PBXFileReference; lastKnownFileType = wrapper.framework; name = UserNotifications.framework; path = System/Library/Frameworks/UserNotifications.framework; sourceTree = SDKROOT; };
		2C20763A673A6A749DA47D6A /* Pods-mobile-engage-sample-app-iosTests.debug.xcconfig */ = {isa = PBXFileReference; includeInIndex = 1; lastKnownFileType = text.xcconfig; name = "Pods-mobile-engage-sample-app-iosTests.debug.xcconfig"; path = "Pods/Target Support Files/Pods-mobile-engage-sample-app-iosTests/Pods-mobile-engage-sample-app-iosTests.debug.xcconfig"; sourceTree = "<group>"; };
		32C6F07A15DBCD20DDA7D041 /* Base */ = {isa = PBXFileReference; lastKnownFileType = file.storyboard; name = Base; path = Base.lproj/LaunchScreen.storyboard; sourceTree = "<group>"; };
		32C6F16BF0FE4309A9886C64 /* Assets.xcassets */ = {isa = PBXFileReference; lastKnownFileType = folder.assetcatalog; path = Assets.xcassets; sourceTree = "<group>"; };
		32C6F440CCCB4FBA84DCE43C /* AppDelegate.swift */ = {isa = PBXFileReference; lastKnownFileType = sourcecode.swift; path = AppDelegate.swift; sourceTree = "<group>"; };
		32C6F5D8C8DA1E37B627A3DE /* Info.plist */ = {isa = PBXFileReference; lastKnownFileType = text.plist.info; path = Info.plist; sourceTree = "<group>"; };
		32C6F60AA7D49CB6A91FF331 /* mobile_engage_sample_app_iosTests.swift */ = {isa = PBXFileReference; lastKnownFileType = sourcecode.swift; path = mobile_engage_sample_app_iosTests.swift; sourceTree = "<group>"; };
		32C6F740D4C261D2A27B25D7 /* MobileEngageSampleAppUITests.swift */ = {isa = PBXFileReference; lastKnownFileType = sourcecode.swift; path = MobileEngageSampleAppUITests.swift; sourceTree = "<group>"; };
		32C6F7E1DAB5E9D2551FD693 /* mobile-engage-sample-app-ios.app */ = {isa = PBXFileReference; explicitFileType = wrapper.application; includeInIndex = 0; path = "mobile-engage-sample-app-ios.app"; sourceTree = BUILT_PRODUCTS_DIR; };
		32C6F8A8F77E4E3D40C3C726 /* mobile-engage-sample-app-iosTests.xctest */ = {isa = PBXFileReference; explicitFileType = wrapper.cfbundle; includeInIndex = 0; path = "mobile-engage-sample-app-iosTests.xctest"; sourceTree = BUILT_PRODUCTS_DIR; };
		32C6F8ADA7EE6439DD067136 /* ViewController.swift */ = {isa = PBXFileReference; lastKnownFileType = sourcecode.swift; path = ViewController.swift; sourceTree = "<group>"; };
		32C6FA62A0FE28B499F7EFEE /* mobile-engage-sample-app-ios-Bridging-Header.h */ = {isa = PBXFileReference; fileEncoding = 4; lastKnownFileType = sourcecode.c.h; path = "mobile-engage-sample-app-ios-Bridging-Header.h"; sourceTree = "<group>"; };
		32C6FA636DB0FA0F7F6A5CB4 /* mobile-engage-sample-app-iosUITests.xctest */ = {isa = PBXFileReference; explicitFileType = wrapper.cfbundle; includeInIndex = 0; path = "mobile-engage-sample-app-iosUITests.xctest"; sourceTree = BUILT_PRODUCTS_DIR; };
		32C6FBD8919E37AF13BF8AF2 /* Base */ = {isa = PBXFileReference; lastKnownFileType = file.storyboard; name = Base; path = Base.lproj/Main.storyboard; sourceTree = "<group>"; };
		32C6FC10EA592FE7DEECC0FE /* Info.plist */ = {isa = PBXFileReference; lastKnownFileType = text.plist.info; path = Info.plist; sourceTree = "<group>"; };
		32C6FD56D4E3A2AB8A0057EA /* Info.plist */ = {isa = PBXFileReference; lastKnownFileType = text.plist.info; path = Info.plist; sourceTree = "<group>"; };
		407C95F8EBDD20D6099AA779 /* libPods-mobile-engage-sample-app-iosTests.a */ = {isa = PBXFileReference; explicitFileType = archive.ar; includeInIndex = 0; path = "libPods-mobile-engage-sample-app-iosTests.a"; sourceTree = BUILT_PRODUCTS_DIR; };
		4698E4F80CAC74D02AC22ABF /* Pods-mobile-engage-sample-app-ios.debug.xcconfig */ = {isa = PBXFileReference; includeInIndex = 1; lastKnownFileType = text.xcconfig; name = "Pods-mobile-engage-sample-app-ios.debug.xcconfig"; path = "Pods/Target Support Files/Pods-mobile-engage-sample-app-ios/Pods-mobile-engage-sample-app-ios.debug.xcconfig"; sourceTree = "<group>"; };
		544A6C24DC4B7A15C3D95FD0 /* Pods-mobile-engage-sample-app-ios.release.xcconfig */ = {isa = PBXFileReference; includeInIndex = 1; lastKnownFileType = text.xcconfig; name = "Pods-mobile-engage-sample-app-ios.release.xcconfig"; path = "Pods/Target Support Files/Pods-mobile-engage-sample-app-ios/Pods-mobile-engage-sample-app-ios.release.xcconfig"; sourceTree = "<group>"; };
		5A5F4BC4FB46A6FFAC90BDBF /* Pods-mobile-engage-sample-app-iosTests.release.xcconfig */ = {isa = PBXFileReference; includeInIndex = 1; lastKnownFileType = text.xcconfig; name = "Pods-mobile-engage-sample-app-iosTests.release.xcconfig"; path = "Pods/Target Support Files/Pods-mobile-engage-sample-app-iosTests/Pods-mobile-engage-sample-app-iosTests.release.xcconfig"; sourceTree = "<group>"; };
		8AB6497E1E83FDDB00C8E6D7 /* libstdc++.tbd */ = {isa = PBXFileReference; lastKnownFileType = "sourcecode.text-based-dylib-definition"; name = "libstdc++.tbd"; path = "usr/lib/libstdc++.tbd"; sourceTree = SDKROOT; };
		8AB6497F1E83FDDB00C8E6D7 /* libz.tbd */ = {isa = PBXFileReference; lastKnownFileType = "sourcecode.text-based-dylib-definition"; name = libz.tbd; path = usr/lib/libz.tbd; sourceTree = SDKROOT; };
		8AB649821E84004F00C8E6D7 /* mobile-engage-sample-app-ios.entitlements */ = {isa = PBXFileReference; lastKnownFileType = text.plist.entitlements; path = "mobile-engage-sample-app-ios.entitlements"; sourceTree = "<group>"; };
/* End PBXFileReference section */

/* Begin PBXFrameworksBuildPhase section */
		32C6F032A875A9F48F40FE69 /* Frameworks */ = {
			isa = PBXFrameworksBuildPhase;
			buildActionMask = 2147483647;
			files = (
				16E056AC1EA8A76500DAE104 /* UserNotifications.framework in Frameworks */,
				8AB649801E83FDDB00C8E6D7 /* libstdc++.tbd in Frameworks */,
				8AB649811E83FDDB00C8E6D7 /* libz.tbd in Frameworks */,
				1D16801F0B3C42B47535A921 /* libPods-mobile-engage-sample-app-ios.a in Frameworks */,
			);
			runOnlyForDeploymentPostprocessing = 0;
		};
		32C6F69B6D08E1F8D7038150 /* Frameworks */ = {
			isa = PBXFrameworksBuildPhase;
			buildActionMask = 2147483647;
			files = (
			);
			runOnlyForDeploymentPostprocessing = 0;
		};
		32C6FFC2B6E3A5842728B9A8 /* Frameworks */ = {
			isa = PBXFrameworksBuildPhase;
			buildActionMask = 2147483647;
			files = (
				9A7BDCACB1931A8BE20F3AFB /* libPods-mobile-engage-sample-app-iosTests.a in Frameworks */,
			);
			runOnlyForDeploymentPostprocessing = 0;
		};
/* End PBXFrameworksBuildPhase section */

/* Begin PBXGroup section */
		16232ADD8E5A572A1B4BA7CF /* Frameworks */ = {
			isa = PBXGroup;
			children = (
				16E056A91EA8A76500DAE104 /* UserNotifications.framework */,
				8AB6497E1E83FDDB00C8E6D7 /* libstdc++.tbd */,
				8AB6497F1E83FDDB00C8E6D7 /* libz.tbd */,
				115B2AC39916BDC4620A89F8 /* libPods-mobile-engage-sample-app-ios.a */,
				407C95F8EBDD20D6099AA779 /* libPods-mobile-engage-sample-app-iosTests.a */,
			);
			name = Frameworks;
			sourceTree = "<group>";
		};
		32C6F1112FEC7FC67C131510 /* mobile-engage-sample-app-ios */ = {
			isa = PBXGroup;
			children = (
				8AB649821E84004F00C8E6D7 /* mobile-engage-sample-app-ios.entitlements */,
				32C6F5D8C8DA1E37B627A3DE /* Info.plist */,
				32C6F16BF0FE4309A9886C64 /* Assets.xcassets */,
				32C6F74BC5F65FB06980440E /* LaunchScreen.storyboard */,
				32C6F440CCCB4FBA84DCE43C /* AppDelegate.swift */,
				32C6FA5B97F3F7E25F3AD0F7 /* Main.storyboard */,
				32C6F8ADA7EE6439DD067136 /* ViewController.swift */,
				1608A3BB1E8289110016C574 /* ViewControllerKeyboardHandling.swift */,
				32C6FA62A0FE28B499F7EFEE /* mobile-engage-sample-app-ios-Bridging-Header.h */,
			);
			path = "mobile-engage-sample-app-ios";
			sourceTree = "<group>";
		};
		32C6F2848F0BF69B79C850BF /* Products */ = {
			isa = PBXGroup;
			children = (
				32C6F7E1DAB5E9D2551FD693 /* mobile-engage-sample-app-ios.app */,
				32C6F8A8F77E4E3D40C3C726 /* mobile-engage-sample-app-iosTests.xctest */,
				32C6FA636DB0FA0F7F6A5CB4 /* mobile-engage-sample-app-iosUITests.xctest */,
			);
			name = Products;
			sourceTree = "<group>";
		};
		32C6F2BAC9CEB6C41AADDCBC /* mobile-engage-sample-app-iosTests */ = {
			isa = PBXGroup;
			children = (
				32C6FC10EA592FE7DEECC0FE /* Info.plist */,
				32C6F60AA7D49CB6A91FF331 /* mobile_engage_sample_app_iosTests.swift */,
			);
			path = "mobile-engage-sample-app-iosTests";
			sourceTree = "<group>";
		};
		32C6FAA9777AE1DDD9DB45B6 /* mobile-engage-sample-app-iosUITests */ = {
			isa = PBXGroup;
			children = (
				32C6FD56D4E3A2AB8A0057EA /* Info.plist */,
				32C6F740D4C261D2A27B25D7 /* MobileEngageSampleAppUITests.swift */,
			);
			path = "mobile-engage-sample-app-iosUITests";
			sourceTree = "<group>";
		};
		32C6FABE54C9EF70652943B6 = {
			isa = PBXGroup;
			children = (
				32C6F2848F0BF69B79C850BF /* Products */,
				32C6F1112FEC7FC67C131510 /* mobile-engage-sample-app-ios */,
				32C6F2BAC9CEB6C41AADDCBC /* mobile-engage-sample-app-iosTests */,
				32C6FAA9777AE1DDD9DB45B6 /* mobile-engage-sample-app-iosUITests */,
				8246AD473E30810E6FEE215B /* Pods */,
				16232ADD8E5A572A1B4BA7CF /* Frameworks */,
			);
			sourceTree = "<group>";
		};
		8246AD473E30810E6FEE215B /* Pods */ = {
			isa = PBXGroup;
			children = (
				4698E4F80CAC74D02AC22ABF /* Pods-mobile-engage-sample-app-ios.debug.xcconfig */,
				544A6C24DC4B7A15C3D95FD0 /* Pods-mobile-engage-sample-app-ios.release.xcconfig */,
				2C20763A673A6A749DA47D6A /* Pods-mobile-engage-sample-app-iosTests.debug.xcconfig */,
				5A5F4BC4FB46A6FFAC90BDBF /* Pods-mobile-engage-sample-app-iosTests.release.xcconfig */,
			);
			name = Pods;
			sourceTree = "<group>";
		};
/* End PBXGroup section */

/* Begin PBXNativeTarget section */
		32C6F0F9CFB372D81886F59E /* mobile-engage-sample-app-ios */ = {
			isa = PBXNativeTarget;
			buildConfigurationList = 32C6F650CDF7F46157CFD8C4 /* Build configuration list for PBXNativeTarget "mobile-engage-sample-app-ios" */;
			buildPhases = (
				03B3D233F0730AC7EF375B05 /* [CP] Check Pods Manifest.lock */,
				32C6F44E63DD45B2CDA7F57C /* Sources */,
				32C6F032A875A9F48F40FE69 /* Frameworks */,
				32C6F25E400BE65D023B4B7B /* Resources */,
				8A8DD5648844A25E0BDBD781 /* [CP] Embed Pods Frameworks */,
				3E8BEF36107C07DD99857843 /* [CP] Copy Pods Resources */,
			);
			buildRules = (
			);
			dependencies = (
			);
			name = "mobile-engage-sample-app-ios";
			productName = "mobile-engage-sample-app-ios";
			productReference = 32C6F7E1DAB5E9D2551FD693 /* mobile-engage-sample-app-ios.app */;
			productType = "com.apple.product-type.application";
		};
		32C6F498F6A3E99EB5BA1BC2 /* mobile-engage-sample-app-iosUITests */ = {
			isa = PBXNativeTarget;
			buildConfigurationList = 32C6F1324ED2449981DBDE2C /* Build configuration list for PBXNativeTarget "mobile-engage-sample-app-iosUITests" */;
			buildPhases = (
				32C6F8586433F61602CE5016 /* Sources */,
				32C6F69B6D08E1F8D7038150 /* Frameworks */,
				32C6F8858D5023741796B9A0 /* Resources */,
			);
			buildRules = (
			);
			dependencies = (
				32C6F1DF15F7222AE5A3F4D6 /* PBXTargetDependency */,
			);
			name = "mobile-engage-sample-app-iosUITests";
			productName = "mobile-engage-sample-app-iosUITests";
			productReference = 32C6FA636DB0FA0F7F6A5CB4 /* mobile-engage-sample-app-iosUITests.xctest */;
			productType = "com.apple.product-type.bundle.ui-testing";
		};
		32C6FB2B0352BB70C6E02846 /* mobile-engage-sample-app-iosTests */ = {
			isa = PBXNativeTarget;
			buildConfigurationList = 32C6F52928A00F6A035F7B65 /* Build configuration list for PBXNativeTarget "mobile-engage-sample-app-iosTests" */;
			buildPhases = (
				F47CFEB30D9DEB62221AD43E /* [CP] Check Pods Manifest.lock */,
				32C6F16DF38C3797BFE2A64F /* Sources */,
				32C6FFC2B6E3A5842728B9A8 /* Frameworks */,
				32C6FB6E94744AFF28F49161 /* Resources */,
				3E1A9B4A70FA82573FCB543B /* [CP] Embed Pods Frameworks */,
				A806280EFBC94D9B2135CA79 /* [CP] Copy Pods Resources */,
			);
			buildRules = (
			);
			dependencies = (
				32C6FAB749F6A430835E4381 /* PBXTargetDependency */,
			);
			name = "mobile-engage-sample-app-iosTests";
			productName = "mobile-engage-sample-app-iosTests";
			productReference = 32C6F8A8F77E4E3D40C3C726 /* mobile-engage-sample-app-iosTests.xctest */;
			productType = "com.apple.product-type.bundle.unit-test";
		};
/* End PBXNativeTarget section */

/* Begin PBXProject section */
		32C6FF2A8C83EB06A64E12EF /* Project object */ = {
			isa = PBXProject;
			attributes = {
				LastUpgradeCheck = 0820;
				ORGANIZATIONNAME = Emarsys;
				TargetAttributes = {
					32C6F0F9CFB372D81886F59E = {
						DevelopmentTeam = 7ZFXXDJH82;
						ProvisioningStyle = Manual;
						SystemCapabilities = {
							com.apple.BackgroundModes = {
								enabled = 0;
							};
							com.apple.Push = {
								enabled = 1;
							};
						};
					};
					32C6F498F6A3E99EB5BA1BC2 = {
						DevelopmentTeam = 8LAPGQR7L8;
					};
				};
			};
			buildConfigurationList = 32C6FF8E92762DBFBED2D2AA /* Build configuration list for PBXProject "mobile-engage-sample-app-ios" */;
			compatibilityVersion = "Xcode 3.2";
			developmentRegion = English;
			hasScannedForEncodings = 0;
			knownRegions = (
				en,
			);
			mainGroup = 32C6FABE54C9EF70652943B6;
			productRefGroup = 32C6F2848F0BF69B79C850BF /* Products */;
			projectDirPath = "";
			projectRoot = "";
			targets = (
				32C6F0F9CFB372D81886F59E /* mobile-engage-sample-app-ios */,
				32C6FB2B0352BB70C6E02846 /* mobile-engage-sample-app-iosTests */,
				32C6F498F6A3E99EB5BA1BC2 /* mobile-engage-sample-app-iosUITests */,
			);
		};
/* End PBXProject section */

/* Begin PBXResourcesBuildPhase section */
		32C6F25E400BE65D023B4B7B /* Resources */ = {
			isa = PBXResourcesBuildPhase;
			buildActionMask = 2147483647;
			files = (
				32C6F4DDF467DDF64D7A451B /* Assets.xcassets in Resources */,
				32C6F8B8D872E07A485E2722 /* LaunchScreen.storyboard in Resources */,
				32C6F5D1EFAA9AF8D494D386 /* Main.storyboard in Resources */,
			);
			runOnlyForDeploymentPostprocessing = 0;
		};
		32C6F8858D5023741796B9A0 /* Resources */ = {
			isa = PBXResourcesBuildPhase;
			buildActionMask = 2147483647;
			files = (
			);
			runOnlyForDeploymentPostprocessing = 0;
		};
		32C6FB6E94744AFF28F49161 /* Resources */ = {
			isa = PBXResourcesBuildPhase;
			buildActionMask = 2147483647;
			files = (
			);
			runOnlyForDeploymentPostprocessing = 0;
		};
/* End PBXResourcesBuildPhase section */

/* Begin PBXShellScriptBuildPhase section */
		03B3D233F0730AC7EF375B05 /* [CP] Check Pods Manifest.lock */ = {
			isa = PBXShellScriptBuildPhase;
			buildActionMask = 2147483647;
			files = (
			);
			inputPaths = (
			);
			name = "[CP] Check Pods Manifest.lock";
			outputPaths = (
			);
			runOnlyForDeploymentPostprocessing = 0;
			shellPath = /bin/sh;
			shellScript = "diff \"${PODS_ROOT}/../Podfile.lock\" \"${PODS_ROOT}/Manifest.lock\" > /dev/null\nif [ $? != 0 ] ; then\n    # print error to STDERR\n    echo \"error: The sandbox is not in sync with the Podfile.lock. Run 'pod install' or update your CocoaPods installation.\" >&2\n    exit 1\nfi\n";
			showEnvVarsInLog = 0;
		};
		3E1A9B4A70FA82573FCB543B /* [CP] Embed Pods Frameworks */ = {
			isa = PBXShellScriptBuildPhase;
			buildActionMask = 2147483647;
			files = (
			);
			inputPaths = (
			);
			name = "[CP] Embed Pods Frameworks";
			outputPaths = (
			);
			runOnlyForDeploymentPostprocessing = 0;
			shellPath = /bin/sh;
			shellScript = "\"${SRCROOT}/Pods/Target Support Files/Pods-mobile-engage-sample-app-iosTests/Pods-mobile-engage-sample-app-iosTests-frameworks.sh\"\n";
			showEnvVarsInLog = 0;
		};
		3E8BEF36107C07DD99857843 /* [CP] Copy Pods Resources */ = {
			isa = PBXShellScriptBuildPhase;
			buildActionMask = 2147483647;
			files = (
			);
			inputPaths = (
			);
			name = "[CP] Copy Pods Resources";
			outputPaths = (
			);
			runOnlyForDeploymentPostprocessing = 0;
			shellPath = /bin/sh;
			shellScript = "\"${SRCROOT}/Pods/Target Support Files/Pods-mobile-engage-sample-app-ios/Pods-mobile-engage-sample-app-ios-resources.sh\"\n";
			showEnvVarsInLog = 0;
		};
		8A8DD5648844A25E0BDBD781 /* [CP] Embed Pods Frameworks */ = {
			isa = PBXShellScriptBuildPhase;
			buildActionMask = 2147483647;
			files = (
			);
			inputPaths = (
			);
			name = "[CP] Embed Pods Frameworks";
			outputPaths = (
			);
			runOnlyForDeploymentPostprocessing = 0;
			shellPath = /bin/sh;
			shellScript = "\"${SRCROOT}/Pods/Target Support Files/Pods-mobile-engage-sample-app-ios/Pods-mobile-engage-sample-app-ios-frameworks.sh\"\n";
			showEnvVarsInLog = 0;
		};
		A806280EFBC94D9B2135CA79 /* [CP] Copy Pods Resources */ = {
			isa = PBXShellScriptBuildPhase;
			buildActionMask = 2147483647;
			files = (
			);
			inputPaths = (
			);
			name = "[CP] Copy Pods Resources";
			outputPaths = (
			);
			runOnlyForDeploymentPostprocessing = 0;
			shellPath = /bin/sh;
			shellScript = "\"${SRCROOT}/Pods/Target Support Files/Pods-mobile-engage-sample-app-iosTests/Pods-mobile-engage-sample-app-iosTests-resources.sh\"\n";
			showEnvVarsInLog = 0;
		};
		F47CFEB30D9DEB62221AD43E /* [CP] Check Pods Manifest.lock */ = {
			isa = PBXShellScriptBuildPhase;
			buildActionMask = 2147483647;
			files = (
			);
			inputPaths = (
			);
			name = "[CP] Check Pods Manifest.lock";
			outputPaths = (
			);
			runOnlyForDeploymentPostprocessing = 0;
			shellPath = /bin/sh;
			shellScript = "diff \"${PODS_ROOT}/../Podfile.lock\" \"${PODS_ROOT}/Manifest.lock\" > /dev/null\nif [ $? != 0 ] ; then\n    # print error to STDERR\n    echo \"error: The sandbox is not in sync with the Podfile.lock. Run 'pod install' or update your CocoaPods installation.\" >&2\n    exit 1\nfi\n";
			showEnvVarsInLog = 0;
		};
/* End PBXShellScriptBuildPhase section */

/* Begin PBXSourcesBuildPhase section */
		32C6F16DF38C3797BFE2A64F /* Sources */ = {
			isa = PBXSourcesBuildPhase;
			buildActionMask = 2147483647;
			files = (
				32C6FBD37B3801FCB6888550 /* mobile_engage_sample_app_iosTests.swift in Sources */,
			);
			runOnlyForDeploymentPostprocessing = 0;
		};
		32C6F44E63DD45B2CDA7F57C /* Sources */ = {
			isa = PBXSourcesBuildPhase;
			buildActionMask = 2147483647;
			files = (
				1608A3BC1E8289110016C574 /* ViewControllerKeyboardHandling.swift in Sources */,
				32C6FF2D62142516FC97526E /* AppDelegate.swift in Sources */,
				32C6FC88AE32C5088C1B9C2F /* ViewController.swift in Sources */,
			);
			runOnlyForDeploymentPostprocessing = 0;
		};
		32C6F8586433F61602CE5016 /* Sources */ = {
			isa = PBXSourcesBuildPhase;
			buildActionMask = 2147483647;
			files = (
				32C6F0502D12ECF7E54E733E /* MobileEngageSampleAppUITests.swift in Sources */,
			);
			runOnlyForDeploymentPostprocessing = 0;
		};
/* End PBXSourcesBuildPhase section */

/* Begin PBXTargetDependency section */
		32C6F1DF15F7222AE5A3F4D6 /* PBXTargetDependency */ = {
			isa = PBXTargetDependency;
			target = 32C6F0F9CFB372D81886F59E /* mobile-engage-sample-app-ios */;
			targetProxy = 32C6F84EDCD7E2E295DCD328 /* PBXContainerItemProxy */;
		};
		32C6FAB749F6A430835E4381 /* PBXTargetDependency */ = {
			isa = PBXTargetDependency;
			target = 32C6F0F9CFB372D81886F59E /* mobile-engage-sample-app-ios */;
			targetProxy = 32C6F91E7AEB682883B5DB87 /* PBXContainerItemProxy */;
		};
/* End PBXTargetDependency section */

/* Begin PBXVariantGroup section */
		32C6F74BC5F65FB06980440E /* LaunchScreen.storyboard */ = {
			isa = PBXVariantGroup;
			children = (
				32C6F07A15DBCD20DDA7D041 /* Base */,
			);
			name = LaunchScreen.storyboard;
			sourceTree = "<group>";
		};
		32C6FA5B97F3F7E25F3AD0F7 /* Main.storyboard */ = {
			isa = PBXVariantGroup;
			children = (
				32C6FBD8919E37AF13BF8AF2 /* Base */,
			);
			name = Main.storyboard;
			sourceTree = "<group>";
		};
/* End PBXVariantGroup section */

/* Begin XCBuildConfiguration section */
		32C6F0AA3E280A91ECC7E24B /* Release */ = {
			isa = XCBuildConfiguration;
			buildSettings = {
				ALWAYS_SEARCH_USER_PATHS = NO;
				CLANG_ANALYZER_NONNULL = YES;
				CLANG_CXX_LANGUAGE_STANDARD = "gnu++0x";
				CLANG_CXX_LIBRARY = "libc++";
				CLANG_ENABLE_MODULES = YES;
				CLANG_ENABLE_OBJC_ARC = YES;
				CLANG_WARN_BOOL_CONVERSION = YES;
				CLANG_WARN_CONSTANT_CONVERSION = YES;
				CLANG_WARN_DIRECT_OBJC_ISA_USAGE = YES_ERROR;
				CLANG_WARN_DOCUMENTATION_COMMENTS = YES;
				CLANG_WARN_EMPTY_BODY = YES;
				CLANG_WARN_ENUM_CONVERSION = YES;
				CLANG_WARN_INFINITE_RECURSION = YES;
				CLANG_WARN_INT_CONVERSION = YES;
				CLANG_WARN_OBJC_ROOT_CLASS = YES_ERROR;
				CLANG_WARN_SUSPICIOUS_MOVE = YES;
				CLANG_WARN_UNREACHABLE_CODE = YES;
				CLANG_WARN__DUPLICATE_METHOD_MATCH = YES;
				"CODE_SIGN_IDENTITY[sdk=iphoneos*]" = "iPhone Developer";
				COPY_PHASE_STRIP = NO;
				DEBUG_INFORMATION_FORMAT = "dwarf-with-dsym";
				ENABLE_NS_ASSERTIONS = NO;
				ENABLE_STRICT_OBJC_MSGSEND = YES;
				GCC_C_LANGUAGE_STANDARD = gnu99;
				GCC_NO_COMMON_BLOCKS = YES;
				GCC_WARN_64_TO_32_BIT_CONVERSION = YES;
				GCC_WARN_ABOUT_RETURN_TYPE = YES_ERROR;
				GCC_WARN_UNDECLARED_SELECTOR = YES;
				GCC_WARN_UNINITIALIZED_AUTOS = YES_AGGRESSIVE;
				GCC_WARN_UNUSED_FUNCTION = YES;
				GCC_WARN_UNUSED_VARIABLE = YES;
				IPHONEOS_DEPLOYMENT_TARGET = 9.0;
				MTL_ENABLE_DEBUG_INFO = NO;
				SDKROOT = iphoneos;
				SWIFT_OPTIMIZATION_LEVEL = "-Owholemodule";
				TARGETED_DEVICE_FAMILY = "1,2";
				VALIDATE_PRODUCT = YES;
			};
			name = Release;
		};
		32C6F192D80BDC3BFBFA9A43 /* Debug */ = {
			isa = XCBuildConfiguration;
			buildSettings = {
				ALWAYS_SEARCH_USER_PATHS = NO;
				CLANG_ANALYZER_NONNULL = YES;
				CLANG_CXX_LANGUAGE_STANDARD = "gnu++0x";
				CLANG_CXX_LIBRARY = "libc++";
				CLANG_ENABLE_MODULES = YES;
				CLANG_ENABLE_OBJC_ARC = YES;
				CLANG_WARN_BOOL_CONVERSION = YES;
				CLANG_WARN_CONSTANT_CONVERSION = YES;
				CLANG_WARN_DIRECT_OBJC_ISA_USAGE = YES_ERROR;
				CLANG_WARN_DOCUMENTATION_COMMENTS = YES;
				CLANG_WARN_EMPTY_BODY = YES;
				CLANG_WARN_ENUM_CONVERSION = YES;
				CLANG_WARN_INFINITE_RECURSION = YES;
				CLANG_WARN_INT_CONVERSION = YES;
				CLANG_WARN_OBJC_ROOT_CLASS = YES_ERROR;
				CLANG_WARN_SUSPICIOUS_MOVE = YES;
				CLANG_WARN_UNREACHABLE_CODE = YES;
				CLANG_WARN__DUPLICATE_METHOD_MATCH = YES;
				"CODE_SIGN_IDENTITY[sdk=iphoneos*]" = "iPhone Developer";
				COPY_PHASE_STRIP = NO;
				DEBUG_INFORMATION_FORMAT = dwarf;
				ENABLE_STRICT_OBJC_MSGSEND = YES;
				ENABLE_TESTABILITY = YES;
				GCC_C_LANGUAGE_STANDARD = gnu99;
				GCC_DYNAMIC_NO_PIC = NO;
				GCC_NO_COMMON_BLOCKS = YES;
				GCC_OPTIMIZATION_LEVEL = 0;
				GCC_PREPROCESSOR_DEFINITIONS = (
					"DEBUG=1",
					"$(inherited)",
				);
				GCC_WARN_64_TO_32_BIT_CONVERSION = YES;
				GCC_WARN_ABOUT_RETURN_TYPE = YES_ERROR;
				GCC_WARN_UNDECLARED_SELECTOR = YES;
				GCC_WARN_UNINITIALIZED_AUTOS = YES_AGGRESSIVE;
				GCC_WARN_UNUSED_FUNCTION = YES;
				GCC_WARN_UNUSED_VARIABLE = YES;
				IPHONEOS_DEPLOYMENT_TARGET = 9.0;
				MTL_ENABLE_DEBUG_INFO = YES;
				ONLY_ACTIVE_ARCH = YES;
				SDKROOT = iphoneos;
				SWIFT_ACTIVE_COMPILATION_CONDITIONS = DEBUG;
				SWIFT_OPTIMIZATION_LEVEL = "-Onone";
				TARGETED_DEVICE_FAMILY = "1,2";
			};
			name = Debug;
		};
		32C6F27509ECD37143223EE5 /* Debug */ = {
			isa = XCBuildConfiguration;
			baseConfigurationReference = 4698E4F80CAC74D02AC22ABF /* Pods-mobile-engage-sample-app-ios.debug.xcconfig */;
			buildSettings = {
				ASSETCATALOG_COMPILER_APPICON_NAME = AppIcon;
				CODE_SIGN_ENTITLEMENTS = "mobile-engage-sample-app-ios/mobile-engage-sample-app-ios.entitlements";
				CODE_SIGN_IDENTITY = "iPhone Developer: Mobile Emarsys (K435VZVJ6U)";
				DEVELOPMENT_TEAM = 7ZFXXDJH82;
				INFOPLIST_FILE = "mobile-engage-sample-app-ios/Info.plist";
				LD_RUNPATH_SEARCH_PATHS = "$(inherited) @executable_path/Frameworks";
				PRODUCT_BUNDLE_IDENTIFIER = "com.emarsys.mobile-engage-sample-app";
				PRODUCT_NAME = "$(TARGET_NAME)";
				PROVISIONING_PROFILE_SPECIFIER = "Mobile Engage Sample Dev";
				SWIFT_OBJC_BRIDGING_HEADER = "mobile-engage-sample-app-ios/mobile-engage-sample-app-ios-Bridging-Header.h";
				SWIFT_VERSION = 3.0;
			};
			name = Debug;
		};
		32C6F2AB2F73BDF49C76267A /* Release */ = {
			isa = XCBuildConfiguration;
			baseConfigurationReference = 544A6C24DC4B7A15C3D95FD0 /* Pods-mobile-engage-sample-app-ios.release.xcconfig */;
			buildSettings = {
				ASSETCATALOG_COMPILER_APPICON_NAME = AppIcon;
				CODE_SIGN_ENTITLEMENTS = "mobile-engage-sample-app-ios/mobile-engage-sample-app-ios.entitlements";
				CODE_SIGN_IDENTITY = "iPhone Distribution: Emarsys-Technologies Informatikai Szolgaltato Korlatolt Felelossegu Tarsasag";
				"CODE_SIGN_IDENTITY[sdk=iphoneos*]" = "iPhone Distribution";
				DEVELOPMENT_TEAM = 7ZFXXDJH82;
				INFOPLIST_FILE = "mobile-engage-sample-app-ios/Info.plist";
				LD_RUNPATH_SEARCH_PATHS = "$(inherited) @executable_path/Frameworks";
				PRODUCT_BUNDLE_IDENTIFIER = "com.emarsys.mobile-engage-sample-app";
				PRODUCT_NAME = "$(TARGET_NAME)";
				PROVISIONING_PROFILE_SPECIFIER = "MobileEngageSample Enterprise";
				SWIFT_OBJC_BRIDGING_HEADER = "mobile-engage-sample-app-ios/mobile-engage-sample-app-ios-Bridging-Header.h";
				SWIFT_VERSION = 3.0;
			};
			name = Release;
		};
		32C6F34C50D69E475673FF7C /* Debug */ = {
			isa = XCBuildConfiguration;
			buildSettings = {
				DEVELOPMENT_TEAM = 8LAPGQR7L8;
				INFOPLIST_FILE = "mobile-engage-sample-app-iosUITests/Info.plist";
				LD_RUNPATH_SEARCH_PATHS = "$(inherited) @executable_path/Frameworks @loader_path/Frameworks";
				PRODUCT_BUNDLE_IDENTIFIER = "com.emarsys.mobile-engage-sample-app-iosUITests";
				PRODUCT_NAME = "$(TARGET_NAME)";
				SWIFT_VERSION = 3.0;
				TEST_TARGET_NAME = "mobile-engage-sample-app-ios";
			};
			name = Debug;
		};
		32C6F471FFC4629DB7DF18F1 /* Release */ = {
			isa = XCBuildConfiguration;
			buildSettings = {
				DEVELOPMENT_TEAM = 8LAPGQR7L8;
				INFOPLIST_FILE = "mobile-engage-sample-app-iosUITests/Info.plist";
				LD_RUNPATH_SEARCH_PATHS = "$(inherited) @executable_path/Frameworks @loader_path/Frameworks";
				PRODUCT_BUNDLE_IDENTIFIER = "com.emarsys.mobile-engage-sample-app-iosUITests";
				PRODUCT_NAME = "$(TARGET_NAME)";
				SWIFT_VERSION = 3.0;
				TEST_TARGET_NAME = "mobile-engage-sample-app-ios";
			};
			name = Release;
		};
		32C6F6EC8CCAB70BD609BE33 /* Release */ = {
			isa = XCBuildConfiguration;
			baseConfigurationReference = 5A5F4BC4FB46A6FFAC90BDBF /* Pods-mobile-engage-sample-app-iosTests.release.xcconfig */;
			buildSettings = {
				BUNDLE_LOADER = "$(BUILT_PRODUCTS_DIR)/mobile-engage-sample-app-ios.app/mobile-engage-sample-app-ios";
				INFOPLIST_FILE = "mobile-engage-sample-app-iosTests/Info.plist";
				LD_RUNPATH_SEARCH_PATHS = "$(inherited) @executable_path/Frameworks @loader_path/Frameworks";
				PRODUCT_BUNDLE_IDENTIFIER = "com.emarsys.mobile-engage-sample-app-iosTests";
				PRODUCT_NAME = "$(TARGET_NAME)";
				SWIFT_VERSION = 3.0;
				TEST_HOST = "$(BUNDLE_LOADER)";
			};
			name = Release;
		};
		32C6FF1FC40CCC63558FB1B8 /* Debug */ = {
			isa = XCBuildConfiguration;
			baseConfigurationReference = 2C20763A673A6A749DA47D6A /* Pods-mobile-engage-sample-app-iosTests.debug.xcconfig */;
			buildSettings = {
				BUNDLE_LOADER = "$(BUILT_PRODUCTS_DIR)/mobile-engage-sample-app-ios.app/mobile-engage-sample-app-ios";
				INFOPLIST_FILE = "mobile-engage-sample-app-iosTests/Info.plist";
				LD_RUNPATH_SEARCH_PATHS = "$(inherited) @executable_path/Frameworks @loader_path/Frameworks";
				PRODUCT_BUNDLE_IDENTIFIER = "com.emarsys.mobile-engage-sample-app-iosTests";
				PRODUCT_NAME = "$(TARGET_NAME)";
				SWIFT_VERSION = 3.0;
				TEST_HOST = "$(BUNDLE_LOADER)";
			};
			name = Debug;
		};
/* End XCBuildConfiguration section */

/* Begin XCConfigurationList section */
		32C6F1324ED2449981DBDE2C /* Build configuration list for PBXNativeTarget "mobile-engage-sample-app-iosUITests" */ = {
			isa = XCConfigurationList;
			buildConfigurations = (
				32C6F34C50D69E475673FF7C /* Debug */,
				32C6F471FFC4629DB7DF18F1 /* Release */,
			);
			defaultConfigurationIsVisible = 0;
			defaultConfigurationName = Release;
		};
		32C6F52928A00F6A035F7B65 /* Build configuration list for PBXNativeTarget "mobile-engage-sample-app-iosTests" */ = {
			isa = XCConfigurationList;
			buildConfigurations = (
				32C6FF1FC40CCC63558FB1B8 /* Debug */,
				32C6F6EC8CCAB70BD609BE33 /* Release */,
			);
			defaultConfigurationIsVisible = 0;
			defaultConfigurationName = Release;
		};
		32C6F650CDF7F46157CFD8C4 /* Build configuration list for PBXNativeTarget "mobile-engage-sample-app-ios" */ = {
			isa = XCConfigurationList;
			buildConfigurations = (
				32C6F27509ECD37143223EE5 /* Debug */,
				32C6F2AB2F73BDF49C76267A /* Release */,
			);
			defaultConfigurationIsVisible = 0;
			defaultConfigurationName = Release;
		};
		32C6FF8E92762DBFBED2D2AA /* Build configuration list for PBXProject "mobile-engage-sample-app-ios" */ = {
			isa = XCConfigurationList;
			buildConfigurations = (
				32C6F192D80BDC3BFBFA9A43 /* Debug */,
				32C6F0AA3E280A91ECC7E24B /* Release */,
			);
			defaultConfigurationIsVisible = 0;
			defaultConfigurationName = Release;
		};
/* End XCConfigurationList section */
	};
	rootObject = 32C6FF2A8C83EB06A64E12EF /* Project object */;
}
